// !$*UTF8*$!
{
	archiveVersion = 1;
	classes = {
	};
	objectVersion = 52;
	objects = {

/* Begin PBXBuildFile section */
		4910AAD2254214E300BDAC0C /* PercentageFormatter.swift in Sources */ = {isa = PBXBuildFile; fileRef = 4910AAD1254214E300BDAC0C /* PercentageFormatter.swift */; };
		4914F3E82544032A00CBC521 /* SummaryProvider.swift in Sources */ = {isa = PBXBuildFile; fileRef = 4914F3E72544032A00CBC521 /* SummaryProvider.swift */; };
		4914F3E92544032A00CBC521 /* SummaryProvider.swift in Sources */ = {isa = PBXBuildFile; fileRef = 4914F3E72544032A00CBC521 /* SummaryProvider.swift */; };
		4914F3F4254415EF00CBC521 /* ProvinceSummaryMetricPickerView.swift in Sources */ = {isa = PBXBuildFile; fileRef = 4914F3F3254415EF00CBC521 /* ProvinceSummaryMetricPickerView.swift */; };
		49370B1A25429832009BFE4C /* CountryProvincesDetailView.swift in Sources */ = {isa = PBXBuildFile; fileRef = 49370B1925429832009BFE4C /* CountryProvincesDetailView.swift */; };
		49370B2225429E0B009BFE4C /* ProvinceInlineView.swift in Sources */ = {isa = PBXBuildFile; fileRef = 49370B2125429E0B009BFE4C /* ProvinceInlineView.swift */; };
		49370B2A2542AA56009BFE4C /* ISO_CountryCodes.plist in Resources */ = {isa = PBXBuildFile; fileRef = 49370B292542AA56009BFE4C /* ISO_CountryCodes.plist */; };
		49370B352542AA5F009BFE4C /* constants.swift in Sources */ = {isa = PBXBuildFile; fileRef = 4942F2BE2529955100EE2959 /* constants.swift */; };
		49370B362542AA5F009BFE4C /* models.swift in Sources */ = {isa = PBXBuildFile; fileRef = 4954F5EB24E7F51400399145 /* models.swift */; };
		49370B372542AA5F009BFE4C /* shared.swift in Sources */ = {isa = PBXBuildFile; fileRef = 4954F5F724E8051300399145 /* shared.swift */; };
		49370B382542AA5F009BFE4C /* ISO_CountryCodes.plist in Resources */ = {isa = PBXBuildFile; fileRef = 49370B292542AA56009BFE4C /* ISO_CountryCodes.plist */; };
		49370B392542AA5F009BFE4C /* MovingAverage.swift in Sources */ = {isa = PBXBuildFile; fileRef = 49806BE6252F782400767A6E /* MovingAverage.swift */; };
		49370B3A2542AA5F009BFE4C /* PercentageFormatter.swift in Sources */ = {isa = PBXBuildFile; fileRef = 4910AAD1254214E300BDAC0C /* PercentageFormatter.swift */; };
		49370B3B2542AA5F009BFE4C /* DataManager.swift in Sources */ = {isa = PBXBuildFile; fileRef = 4954F5E824E7F50200399145 /* DataManager.swift */; };
		49370B3C2542AA5F009BFE4C /* Extensions.swift in Sources */ = {isa = PBXBuildFile; fileRef = 493C2E14252386D00060BA27 /* Extensions.swift */; };
		493C2E09252383A70060BA27 /* ModelDecodableTests.swift in Sources */ = {isa = PBXBuildFile; fileRef = 493C2E08252383A70060BA27 /* ModelDecodableTests.swift */; };
		49434BCD2542E207001F9F1B /* constants.swift in Sources */ = {isa = PBXBuildFile; fileRef = 4942F2BE2529955100EE2959 /* constants.swift */; };
		4954F5DE24E7F4D300399145 /* Assets.xcassets in Resources */ = {isa = PBXBuildFile; fileRef = 4954F5C924E7F4D300399145 /* Assets.xcassets */; };
		497844E42541939800364E18 /* Reachability in Frameworks */ = {isa = PBXBuildFile; productRef = 497844E32541939800364E18 /* Reachability */; };
		497E012B2531FD52006CEF67 /* DataManager.swift in Sources */ = {isa = PBXBuildFile; fileRef = 4954F5E824E7F50200399145 /* DataManager.swift */; };
		497E012C2531FD52006CEF67 /* SearchBar.swift in Sources */ = {isa = PBXBuildFile; fileRef = 49325AE52529B29200A438C4 /* SearchBar.swift */; };
		497E012D2531FD52006CEF67 /* SummaryView.swift in Sources */ = {isa = PBXBuildFile; fileRef = 4954F5EE24E7F9B100399145 /* SummaryView.swift */; };
		497E012E2531FD52006CEF67 /* BasicMeasurementMetricPickerView.swift in Sources */ = {isa = PBXBuildFile; fileRef = 493B2C6F252D7BF9003B551E /* BasicMeasurementMetricPickerView.swift */; };
		497E012F2531FD52006CEF67 /* CountryInlineView.swift in Sources */ = {isa = PBXBuildFile; fileRef = 49BCE214253199F20099138F /* CountryInlineView.swift */; };
		497E01302531FD52006CEF67 /* SettingsView.swift in Sources */ = {isa = PBXBuildFile; fileRef = 4942F2D925299AB100EE2959 /* SettingsView.swift */; };
		497E01312531FD52006CEF67 /* CountryView.swift in Sources */ = {isa = PBXBuildFile; fileRef = 49B7D1C12529DB2000AE2B9B /* CountryView.swift */; };
		497E01322531FD52006CEF67 /* MovingAverage.swift in Sources */ = {isa = PBXBuildFile; fileRef = 49806BE6252F782400767A6E /* MovingAverage.swift */; };
		497E01332531FD52006CEF67 /* shared.swift in Sources */ = {isa = PBXBuildFile; fileRef = 4954F5F724E8051300399145 /* shared.swift */; };
		497E01342531FD52006CEF67 /* Covid19DashboardXApp.swift in Sources */ = {isa = PBXBuildFile; fileRef = 4954F5C724E7F4D200399145 /* Covid19DashboardXApp.swift */; };
		497E01352531FD52006CEF67 /* models.swift in Sources */ = {isa = PBXBuildFile; fileRef = 4954F5EB24E7F51400399145 /* models.swift */; };
		497E01362531FD52006CEF67 /* constants.swift in Sources */ = {isa = PBXBuildFile; fileRef = 4942F2BE2529955100EE2959 /* constants.swift */; };
		497E01372531FD52006CEF67 /* Extensions.swift in Sources */ = {isa = PBXBuildFile; fileRef = 493C2E14252386D00060BA27 /* Extensions.swift */; };
		497E01382531FD52006CEF67 /* ContentView.swift in Sources */ = {isa = PBXBuildFile; fileRef = 4954F5C824E7F4D200399145 /* ContentView.swift */; };
		497E01392531FD52006CEF67 /* CountryViewSettingsView.swift in Sources */ = {isa = PBXBuildFile; fileRef = 493B2C66252D79B0003B551E /* CountryViewSettingsView.swift */; };
		49B5562D2531F694000D2030 /* WidgetKit.framework in Frameworks */ = {isa = PBXBuildFile; fileRef = 49B5562C2531F694000D2030 /* WidgetKit.framework */; };
		49B5562F2531F694000D2030 /* SwiftUI.framework in Frameworks */ = {isa = PBXBuildFile; fileRef = 49B5562E2531F694000D2030 /* SwiftUI.framework */; };
		49B5563B2531F695000D2030 /* Covid19WidgetExtension.appex in Embed App Extensions */ = {isa = PBXBuildFile; fileRef = 49B5562A2531F694000D2030 /* Covid19WidgetExtension.appex */; settings = {ATTRIBUTES = (RemoveHeadersOnCopy, ); }; };
		49B90EDC25432EB900E89F5D /* CustomButtonStyle.swift in Sources */ = {isa = PBXBuildFile; fileRef = 49B90EDB25432EB900E89F5D /* CustomButtonStyle.swift */; };
		49B90EEC2543371900E89F5D /* SwiftUICharts in Frameworks */ = {isa = PBXBuildFile; productRef = 49B90EEB2543371900E89F5D /* SwiftUICharts */; };
		49B90EEE2543372400E89F5D /* SwiftUICharts in Frameworks */ = {isa = PBXBuildFile; productRef = 49B90EED2543372400E89F5D /* SwiftUICharts */; };
		49B90EFC2543460100E89F5D /* ProvinceDetailView.swift in Sources */ = {isa = PBXBuildFile; fileRef = 49B90EFB2543460100E89F5D /* ProvinceDetailView.swift */; };
		49DD25C6254EBCE200452A92 /* NotificationSettingsView.swift in Sources */ = {isa = PBXBuildFile; fileRef = 49DD25C5254EBCE200452A92 /* NotificationSettingsView.swift */; };
		49DD9EFE2545C69B006B1866 /* UIConstants.swift in Sources */ = {isa = PBXBuildFile; fileRef = 49DD9EFD2545C69B006B1866 /* UIConstants.swift */; };
		49EEFE9F2532DED0008ECBDA /* Assets.xcassets in Resources */ = {isa = PBXBuildFile; fileRef = 49B556342531F695000D2030 /* Assets.xcassets */; };
		49EEFEA02532DED0008ECBDA /* Covid19Widget.swift in Sources */ = {isa = PBXBuildFile; fileRef = 49B556312531F694000D2030 /* Covid19Widget.swift */; };
		49EEFEA22532DED0008ECBDA /* Covid19Widget.intentdefinition in Sources */ = {isa = PBXBuildFile; fileRef = 49B556332531F694000D2030 /* Covid19Widget.intentdefinition */; };
		49F3525D25442D87009ED5AE /* GeneralSettingsView.swift in Sources */ = {isa = PBXBuildFile; fileRef = 49F3525C25442D87009ED5AE /* GeneralSettingsView.swift */; };
		49F3529125442E64009ED5AE /* OtherSettingsView.swift in Sources */ = {isa = PBXBuildFile; fileRef = 49F3529025442E64009ED5AE /* OtherSettingsView.swift */; };
		49F35296254432E2009ED5AE /* AttributionsSettingsView.swift in Sources */ = {isa = PBXBuildFile; fileRef = 49F35295254432E2009ED5AE /* AttributionsSettingsView.swift */; };
		49F352BA254464F4009ED5AE /* Reachability in Frameworks */ = {isa = PBXBuildFile; productRef = 49F352B9254464F4009ED5AE /* Reachability */; };
		49F9DD712541AC9D003D457B /* ComparisonView.swift in Sources */ = {isa = PBXBuildFile; fileRef = 49F9DD702541AC9D003D457B /* ComparisonView.swift */; };
		49F9DD792541B079003D457B /* ComparisonDetailView.swift in Sources */ = {isa = PBXBuildFile; fileRef = 49F9DD782541B079003D457B /* ComparisonDetailView.swift */; };
/* End PBXBuildFile section */

/* Begin PBXContainerItemProxy section */
		493C2DFD252383620060BA27 /* PBXContainerItemProxy */ = {
			isa = PBXContainerItemProxy;
			containerPortal = 4954F5C224E7F4D200399145 /* Project object */;
			proxyType = 1;
			remoteGlobalIDString = 4954F5CD24E7F4D300399145;
			remoteInfo = "Covid19DashboardX (iOS)";
		};
		49B556392531F695000D2030 /* PBXContainerItemProxy */ = {
			isa = PBXContainerItemProxy;
			containerPortal = 4954F5C224E7F4D200399145 /* Project object */;
			proxyType = 1;
			remoteGlobalIDString = 49B556292531F694000D2030;
			remoteInfo = Covid19WidgetExtension;
		};
/* End PBXContainerItemProxy section */

/* Begin PBXCopyFilesBuildPhase section */
		49B5563C2531F695000D2030 /* Embed App Extensions */ = {
			isa = PBXCopyFilesBuildPhase;
			buildActionMask = 2147483647;
			dstPath = "";
			dstSubfolderSpec = 13;
			files = (
				49B5563B2531F695000D2030 /* Covid19WidgetExtension.appex in Embed App Extensions */,
			);
			name = "Embed App Extensions";
			runOnlyForDeploymentPostprocessing = 0;
		};
/* End PBXCopyFilesBuildPhase section */

/* Begin PBXFileReference section */
		4910AAD1254214E300BDAC0C /* PercentageFormatter.swift */ = {isa = PBXFileReference; lastKnownFileType = sourcecode.swift; path = PercentageFormatter.swift; sourceTree = "<group>"; };
		4914F3E72544032A00CBC521 /* SummaryProvider.swift */ = {isa = PBXFileReference; lastKnownFileType = sourcecode.swift; path = SummaryProvider.swift; sourceTree = "<group>"; };
		4914F3F3254415EF00CBC521 /* ProvinceSummaryMetricPickerView.swift */ = {isa = PBXFileReference; lastKnownFileType = sourcecode.swift; path = ProvinceSummaryMetricPickerView.swift; sourceTree = "<group>"; };
		49325AE52529B29200A438C4 /* SearchBar.swift */ = {isa = PBXFileReference; lastKnownFileType = sourcecode.swift; path = SearchBar.swift; sourceTree = "<group>"; };
		49370B1925429832009BFE4C /* CountryProvincesDetailView.swift */ = {isa = PBXFileReference; lastKnownFileType = sourcecode.swift; path = CountryProvincesDetailView.swift; sourceTree = "<group>"; };
		49370B2125429E0B009BFE4C /* ProvinceInlineView.swift */ = {isa = PBXFileReference; lastKnownFileType = sourcecode.swift; path = ProvinceInlineView.swift; sourceTree = "<group>"; };
		49370B292542AA56009BFE4C /* ISO_CountryCodes.plist */ = {isa = PBXFileReference; lastKnownFileType = text.plist.xml; path = ISO_CountryCodes.plist; sourceTree = "<group>"; };
		493B2C66252D79B0003B551E /* CountryViewSettingsView.swift */ = {isa = PBXFileReference; lastKnownFileType = sourcecode.swift; path = CountryViewSettingsView.swift; sourceTree = "<group>"; };
		493B2C6F252D7BF9003B551E /* BasicMeasurementMetricPickerView.swift */ = {isa = PBXFileReference; lastKnownFileType = sourcecode.swift; path = BasicMeasurementMetricPickerView.swift; sourceTree = "<group>"; };
		493C2DF8252383620060BA27 /* Covid19DashboardXTests.xctest */ = {isa = PBXFileReference; explicitFileType = wrapper.cfbundle; includeInIndex = 0; path = Covid19DashboardXTests.xctest; sourceTree = BUILT_PRODUCTS_DIR; };
		493C2DFC252383620060BA27 /* Info.plist */ = {isa = PBXFileReference; lastKnownFileType = text.plist.xml; path = Info.plist; sourceTree = "<group>"; };
		493C2E08252383A70060BA27 /* ModelDecodableTests.swift */ = {isa = PBXFileReference; lastKnownFileType = sourcecode.swift; path = ModelDecodableTests.swift; sourceTree = "<group>"; };
		493C2E14252386D00060BA27 /* Extensions.swift */ = {isa = PBXFileReference; lastKnownFileType = sourcecode.swift; path = Extensions.swift; sourceTree = "<group>"; };
		4942F2BE2529955100EE2959 /* constants.swift */ = {isa = PBXFileReference; lastKnownFileType = sourcecode.swift; path = constants.swift; sourceTree = "<group>"; };
		4942F2D925299AB100EE2959 /* SettingsView.swift */ = {isa = PBXFileReference; lastKnownFileType = sourcecode.swift; path = SettingsView.swift; sourceTree = "<group>"; };
		4954F5C724E7F4D200399145 /* Covid19DashboardXApp.swift */ = {isa = PBXFileReference; lastKnownFileType = sourcecode.swift; path = Covid19DashboardXApp.swift; sourceTree = "<group>"; };
		4954F5C824E7F4D200399145 /* ContentView.swift */ = {isa = PBXFileReference; lastKnownFileType = sourcecode.swift; path = ContentView.swift; sourceTree = "<group>"; };
		4954F5C924E7F4D300399145 /* Assets.xcassets */ = {isa = PBXFileReference; lastKnownFileType = folder.assetcatalog; path = Assets.xcassets; sourceTree = "<group>"; };
		4954F5CE24E7F4D300399145 /* Covid19DashboardX.app */ = {isa = PBXFileReference; explicitFileType = wrapper.application; includeInIndex = 0; path = Covid19DashboardX.app; sourceTree = BUILT_PRODUCTS_DIR; };
		4954F5D124E7F4D300399145 /* Info.plist */ = {isa = PBXFileReference; lastKnownFileType = text.plist.xml; path = Info.plist; sourceTree = "<group>"; };
		4954F5E824E7F50200399145 /* DataManager.swift */ = {isa = PBXFileReference; lastKnownFileType = sourcecode.swift; path = DataManager.swift; sourceTree = "<group>"; };
		4954F5EB24E7F51400399145 /* models.swift */ = {isa = PBXFileReference; lastKnownFileType = sourcecode.swift; path = models.swift; sourceTree = "<group>"; };
		4954F5EE24E7F9B100399145 /* SummaryView.swift */ = {isa = PBXFileReference; lastKnownFileType = sourcecode.swift; path = SummaryView.swift; sourceTree = "<group>"; };
		4954F5F724E8051300399145 /* shared.swift */ = {isa = PBXFileReference; lastKnownFileType = sourcecode.swift; path = shared.swift; sourceTree = "<group>"; };
		49806BE6252F782400767A6E /* MovingAverage.swift */ = {isa = PBXFileReference; lastKnownFileType = sourcecode.swift; path = MovingAverage.swift; sourceTree = "<group>"; };
		49B5562A2531F694000D2030 /* Covid19WidgetExtension.appex */ = {isa = PBXFileReference; explicitFileType = "wrapper.app-extension"; includeInIndex = 0; path = Covid19WidgetExtension.appex; sourceTree = BUILT_PRODUCTS_DIR; };
		49B5562C2531F694000D2030 /* WidgetKit.framework */ = {isa = PBXFileReference; lastKnownFileType = wrapper.framework; name = WidgetKit.framework; path = Library/Frameworks/WidgetKit.framework; sourceTree = DEVELOPER_DIR; };
		49B5562E2531F694000D2030 /* SwiftUI.framework */ = {isa = PBXFileReference; lastKnownFileType = wrapper.framework; name = SwiftUI.framework; path = System/Library/Frameworks/SwiftUI.framework; sourceTree = SDKROOT; };
		49B556312531F694000D2030 /* Covid19Widget.swift */ = {isa = PBXFileReference; lastKnownFileType = sourcecode.swift; path = Covid19Widget.swift; sourceTree = "<group>"; };
		49B556332531F694000D2030 /* Covid19Widget.intentdefinition */ = {isa = PBXFileReference; lastKnownFileType = file.intentdefinition; path = Covid19Widget.intentdefinition; sourceTree = "<group>"; };
		49B556342531F695000D2030 /* Assets.xcassets */ = {isa = PBXFileReference; lastKnownFileType = folder.assetcatalog; path = Assets.xcassets; sourceTree = "<group>"; };
		49B556362531F695000D2030 /* Info.plist */ = {isa = PBXFileReference; lastKnownFileType = text.plist.xml; path = Info.plist; sourceTree = "<group>"; };
		49B7D1C12529DB2000AE2B9B /* CountryView.swift */ = {isa = PBXFileReference; lastKnownFileType = sourcecode.swift; path = CountryView.swift; sourceTree = "<group>"; };
		49B90EDB25432EB900E89F5D /* CustomButtonStyle.swift */ = {isa = PBXFileReference; lastKnownFileType = sourcecode.swift; path = CustomButtonStyle.swift; sourceTree = "<group>"; };
		49B90EFB2543460100E89F5D /* ProvinceDetailView.swift */ = {isa = PBXFileReference; lastKnownFileType = sourcecode.swift; path = ProvinceDetailView.swift; sourceTree = "<group>"; };
		49BCE214253199F20099138F /* CountryInlineView.swift */ = {isa = PBXFileReference; lastKnownFileType = sourcecode.swift; path = CountryInlineView.swift; sourceTree = "<group>"; };
		49DD25C5254EBCE200452A92 /* NotificationSettingsView.swift */ = {isa = PBXFileReference; lastKnownFileType = sourcecode.swift; path = NotificationSettingsView.swift; sourceTree = "<group>"; };
		49DD9EFD2545C69B006B1866 /* UIConstants.swift */ = {isa = PBXFileReference; lastKnownFileType = sourcecode.swift; path = UIConstants.swift; sourceTree = "<group>"; };
		49F3525C25442D87009ED5AE /* GeneralSettingsView.swift */ = {isa = PBXFileReference; lastKnownFileType = sourcecode.swift; path = GeneralSettingsView.swift; sourceTree = "<group>"; };
		49F3529025442E64009ED5AE /* OtherSettingsView.swift */ = {isa = PBXFileReference; lastKnownFileType = sourcecode.swift; path = OtherSettingsView.swift; sourceTree = "<group>"; };
		49F35295254432E2009ED5AE /* AttributionsSettingsView.swift */ = {isa = PBXFileReference; lastKnownFileType = sourcecode.swift; path = AttributionsSettingsView.swift; sourceTree = "<group>"; };
		49F9DD702541AC9D003D457B /* ComparisonView.swift */ = {isa = PBXFileReference; lastKnownFileType = sourcecode.swift; path = ComparisonView.swift; sourceTree = "<group>"; };
		49F9DD782541B079003D457B /* ComparisonDetailView.swift */ = {isa = PBXFileReference; lastKnownFileType = sourcecode.swift; path = ComparisonDetailView.swift; sourceTree = "<group>"; };
/* End PBXFileReference section */

/* Begin PBXFrameworksBuildPhase section */
		493C2DF5252383620060BA27 /* Frameworks */ = {
			isa = PBXFrameworksBuildPhase;
			buildActionMask = 2147483647;
			files = (
			);
			runOnlyForDeploymentPostprocessing = 0;
		};
		4954F5CB24E7F4D300399145 /* Frameworks */ = {
			isa = PBXFrameworksBuildPhase;
			buildActionMask = 2147483647;
			files = (
				497844E42541939800364E18 /* Reachability in Frameworks */,
				49B90EEC2543371900E89F5D /* SwiftUICharts in Frameworks */,
			);
			runOnlyForDeploymentPostprocessing = 0;
		};
		49B556272531F694000D2030 /* Frameworks */ = {
			isa = PBXFrameworksBuildPhase;
			buildActionMask = 2147483647;
			files = (
				49B90EEE2543372400E89F5D /* SwiftUICharts in Frameworks */,
				49F352BA254464F4009ED5AE /* Reachability in Frameworks */,
				49B5562F2531F694000D2030 /* SwiftUI.framework in Frameworks */,
				49B5562D2531F694000D2030 /* WidgetKit.framework in Frameworks */,
			);
			runOnlyForDeploymentPostprocessing = 0;
		};
/* End PBXFrameworksBuildPhase section */

/* Begin PBXGroup section */
		493C2DF9252383620060BA27 /* Covid19DashboardXTests */ = {
			isa = PBXGroup;
			children = (
				493C2DFC252383620060BA27 /* Info.plist */,
				493C2E08252383A70060BA27 /* ModelDecodableTests.swift */,
			);
			path = Covid19DashboardXTests;
			sourceTree = "<group>";
		};
		4954F5C124E7F4D200399145 = {
			isa = PBXGroup;
			children = (
				49EEFE662532DE23008ECBDA /* UI */,
				4954F5C624E7F4D200399145 /* Shared */,
				4954F5D024E7F4D300399145 /* iOS */,
				493C2DF9252383620060BA27 /* Covid19DashboardXTests */,
				49B556302531F694000D2030 /* Covid19Widget */,
				49B5562B2531F694000D2030 /* Frameworks */,
				4954F5CF24E7F4D300399145 /* Products */,
			);
			sourceTree = "<group>";
		};
		4954F5C624E7F4D200399145 /* Shared */ = {
			isa = PBXGroup;
			children = (
				49806BE6252F782400767A6E /* MovingAverage.swift */,
				4910AAD1254214E300BDAC0C /* PercentageFormatter.swift */,
				4954F5E824E7F50200399145 /* DataManager.swift */,
				493C2E14252386D00060BA27 /* Extensions.swift */,
				4954F5F724E8051300399145 /* shared.swift */,
				4942F2BE2529955100EE2959 /* constants.swift */,
				4954F5EB24E7F51400399145 /* models.swift */,
				4914F3E72544032A00CBC521 /* SummaryProvider.swift */,
				49370B292542AA56009BFE4C /* ISO_CountryCodes.plist */,
			);
			path = Shared;
			sourceTree = "<group>";
		};
		4954F5CF24E7F4D300399145 /* Products */ = {
			isa = PBXGroup;
			children = (
				4954F5CE24E7F4D300399145 /* Covid19DashboardX.app */,
				493C2DF8252383620060BA27 /* Covid19DashboardXTests.xctest */,
				49B5562A2531F694000D2030 /* Covid19WidgetExtension.appex */,
			);
			name = Products;
			sourceTree = "<group>";
		};
		4954F5D024E7F4D300399145 /* iOS */ = {
			isa = PBXGroup;
			children = (
				4954F5D124E7F4D300399145 /* Info.plist */,
			);
			path = iOS;
			sourceTree = "<group>";
		};
		49B5562B2531F694000D2030 /* Frameworks */ = {
			isa = PBXGroup;
			children = (
				49B5562C2531F694000D2030 /* WidgetKit.framework */,
				49B5562E2531F694000D2030 /* SwiftUI.framework */,
			);
			name = Frameworks;
			sourceTree = "<group>";
		};
		49B556302531F694000D2030 /* Covid19Widget */ = {
			isa = PBXGroup;
			children = (
				49B556312531F694000D2030 /* Covid19Widget.swift */,
				49B556332531F694000D2030 /* Covid19Widget.intentdefinition */,
				49B556342531F695000D2030 /* Assets.xcassets */,
				49B556362531F695000D2030 /* Info.plist */,
			);
			path = Covid19Widget;
			sourceTree = "<group>";
		};
		49EEFE662532DE23008ECBDA /* UI */ = {
			isa = PBXGroup;
			children = (
				49F3525B25442D78009ED5AE /* Settings */,
				4954F5C924E7F4D300399145 /* Assets.xcassets */,
				4954F5C724E7F4D200399145 /* Covid19DashboardXApp.swift */,
				4954F5C824E7F4D200399145 /* ContentView.swift */,
				493B2C6F252D7BF9003B551E /* BasicMeasurementMetricPickerView.swift */,
				4914F3F3254415EF00CBC521 /* ProvinceSummaryMetricPickerView.swift */,
				4954F5EE24E7F9B100399145 /* SummaryView.swift */,
				49BCE214253199F20099138F /* CountryInlineView.swift */,
				49B7D1C12529DB2000AE2B9B /* CountryView.swift */,
				49370B1925429832009BFE4C /* CountryProvincesDetailView.swift */,
				49370B2125429E0B009BFE4C /* ProvinceInlineView.swift */,
				49B90EFB2543460100E89F5D /* ProvinceDetailView.swift */,
				493B2C66252D79B0003B551E /* CountryViewSettingsView.swift */,
				49F9DD702541AC9D003D457B /* ComparisonView.swift */,
				49F9DD782541B079003D457B /* ComparisonDetailView.swift */,
				49325AE52529B29200A438C4 /* SearchBar.swift */,
				49B90EDB25432EB900E89F5D /* CustomButtonStyle.swift */,
				49DD9EFD2545C69B006B1866 /* UIConstants.swift */,
			);
			path = UI;
			sourceTree = "<group>";
		};
		49F3525B25442D78009ED5AE /* Settings */ = {
			isa = PBXGroup;
			children = (
				4942F2D925299AB100EE2959 /* SettingsView.swift */,
				49DD25C5254EBCE200452A92 /* NotificationSettingsView.swift */,
				49F35295254432E2009ED5AE /* AttributionsSettingsView.swift */,
				49F3529025442E64009ED5AE /* OtherSettingsView.swift */,
				49F3525C25442D87009ED5AE /* GeneralSettingsView.swift */,
			);
			path = Settings;
			sourceTree = "<group>";
		};
/* End PBXGroup section */

/* Begin PBXNativeTarget section */
		493C2DF7252383620060BA27 /* Covid19DashboardXTests */ = {
			isa = PBXNativeTarget;
			buildConfigurationList = 493C2E01252383620060BA27 /* Build configuration list for PBXNativeTarget "Covid19DashboardXTests" */;
			buildPhases = (
				493C2DF4252383620060BA27 /* Sources */,
				493C2DF5252383620060BA27 /* Frameworks */,
				493C2DF6252383620060BA27 /* Resources */,
			);
			buildRules = (
			);
			dependencies = (
				493C2DFE252383620060BA27 /* PBXTargetDependency */,
			);
			name = Covid19DashboardXTests;
			productName = Covid19DashboardXTests;
			productReference = 493C2DF8252383620060BA27 /* Covid19DashboardXTests.xctest */;
			productType = "com.apple.product-type.bundle.unit-test";
		};
		4954F5CD24E7F4D300399145 /* Covid19DashboardX (iOS) */ = {
			isa = PBXNativeTarget;
			buildConfigurationList = 4954F5E224E7F4D300399145 /* Build configuration list for PBXNativeTarget "Covid19DashboardX (iOS)" */;
			buildPhases = (
				4954F5CA24E7F4D300399145 /* Sources */,
				4954F5CB24E7F4D300399145 /* Frameworks */,
				4954F5CC24E7F4D300399145 /* Resources */,
				49B5563C2531F695000D2030 /* Embed App Extensions */,
			);
			buildRules = (
			);
			dependencies = (
				49B5563A2531F695000D2030 /* PBXTargetDependency */,
			);
			name = "Covid19DashboardX (iOS)";
			packageProductDependencies = (
				497844E32541939800364E18 /* Reachability */,
				49B90EEB2543371900E89F5D /* SwiftUICharts */,
			);
			productName = "Covid19DashboardX (iOS)";
			productReference = 4954F5CE24E7F4D300399145 /* Covid19DashboardX.app */;
			productType = "com.apple.product-type.application";
		};
		49B556292531F694000D2030 /* Covid19WidgetExtension */ = {
			isa = PBXNativeTarget;
			buildConfigurationList = 49B5563F2531F695000D2030 /* Build configuration list for PBXNativeTarget "Covid19WidgetExtension" */;
			buildPhases = (
				49B556262531F694000D2030 /* Sources */,
				49B556272531F694000D2030 /* Frameworks */,
				49B556282531F694000D2030 /* Resources */,
			);
			buildRules = (
			);
			dependencies = (
			);
			name = Covid19WidgetExtension;
			packageProductDependencies = (
				49B90EED2543372400E89F5D /* SwiftUICharts */,
				49F352B9254464F4009ED5AE /* Reachability */,
			);
			productName = Covid19WidgetExtension;
			productReference = 49B5562A2531F694000D2030 /* Covid19WidgetExtension.appex */;
			productType = "com.apple.product-type.app-extension";
		};
/* End PBXNativeTarget section */

/* Begin PBXProject section */
		4954F5C224E7F4D200399145 /* Project object */ = {
			isa = PBXProject;
			attributes = {
				LastSwiftUpdateCheck = 1200;
				LastUpgradeCheck = 1210;
				TargetAttributes = {
					493C2DF7252383620060BA27 = {
						CreatedOnToolsVersion = 12.0.1;
						LastSwiftMigration = 1200;
						TestTargetID = 4954F5CD24E7F4D300399145;
					};
					4954F5CD24E7F4D300399145 = {
						CreatedOnToolsVersion = 12.0;
					};
					49B556292531F694000D2030 = {
						CreatedOnToolsVersion = 12.0.1;
					};
				};
			};
			buildConfigurationList = 4954F5C524E7F4D200399145 /* Build configuration list for PBXProject "Covid19DashboardX" */;
			compatibilityVersion = "Xcode 9.3";
			developmentRegion = en;
			hasScannedForEncodings = 0;
			knownRegions = (
				en,
				Base,
			);
			mainGroup = 4954F5C124E7F4D200399145;
			packageReferences = (
				49B7D1BB2529DAD600AE2B9B /* XCRemoteSwiftPackageReference "ChartView" */,
				497844E22541939800364E18 /* XCRemoteSwiftPackageReference "Reachability" */,
			);
			productRefGroup = 4954F5CF24E7F4D300399145 /* Products */;
			projectDirPath = "";
			projectRoot = "";
			targets = (
				4954F5CD24E7F4D300399145 /* Covid19DashboardX (iOS) */,
				493C2DF7252383620060BA27 /* Covid19DashboardXTests */,
				49B556292531F694000D2030 /* Covid19WidgetExtension */,
			);
		};
/* End PBXProject section */

/* Begin PBXResourcesBuildPhase section */
		493C2DF6252383620060BA27 /* Resources */ = {
			isa = PBXResourcesBuildPhase;
			buildActionMask = 2147483647;
			files = (
			);
			runOnlyForDeploymentPostprocessing = 0;
		};
		4954F5CC24E7F4D300399145 /* Resources */ = {
			isa = PBXResourcesBuildPhase;
			buildActionMask = 2147483647;
			files = (
				49370B2A2542AA56009BFE4C /* ISO_CountryCodes.plist in Resources */,
				4954F5DE24E7F4D300399145 /* Assets.xcassets in Resources */,
			);
			runOnlyForDeploymentPostprocessing = 0;
		};
		49B556282531F694000D2030 /* Resources */ = {
			isa = PBXResourcesBuildPhase;
			buildActionMask = 2147483647;
			files = (
				49370B382542AA5F009BFE4C /* ISO_CountryCodes.plist in Resources */,
				49EEFE9F2532DED0008ECBDA /* Assets.xcassets in Resources */,
			);
			runOnlyForDeploymentPostprocessing = 0;
		};
/* End PBXResourcesBuildPhase section */

/* Begin PBXSourcesBuildPhase section */
		493C2DF4252383620060BA27 /* Sources */ = {
			isa = PBXSourcesBuildPhase;
			buildActionMask = 2147483647;
			files = (
				493C2E09252383A70060BA27 /* ModelDecodableTests.swift in Sources */,
				49434BCD2542E207001F9F1B /* constants.swift in Sources */,
			);
			runOnlyForDeploymentPostprocessing = 0;
		};
		4954F5CA24E7F4D300399145 /* Sources */ = {
			isa = PBXSourcesBuildPhase;
			buildActionMask = 2147483647;
			files = (
				4914F3F4254415EF00CBC521 /* ProvinceSummaryMetricPickerView.swift in Sources */,
				49F3525D25442D87009ED5AE /* GeneralSettingsView.swift in Sources */,
				49F3529125442E64009ED5AE /* OtherSettingsView.swift in Sources */,
				49DD9EFE2545C69B006B1866 /* UIConstants.swift in Sources */,
				497E012B2531FD52006CEF67 /* DataManager.swift in Sources */,
				49370B1A25429832009BFE4C /* CountryProvincesDetailView.swift in Sources */,
				49F35296254432E2009ED5AE /* AttributionsSettingsView.swift in Sources */,
				497E01342531FD52006CEF67 /* Covid19DashboardXApp.swift in Sources */,
				49370B2225429E0B009BFE4C /* ProvinceInlineView.swift in Sources */,
				497E01382531FD52006CEF67 /* ContentView.swift in Sources */,
				497E01332531FD52006CEF67 /* shared.swift in Sources */,
				497E01322531FD52006CEF67 /* MovingAverage.swift in Sources */,
				49F9DD712541AC9D003D457B /* ComparisonView.swift in Sources */,
				497E012C2531FD52006CEF67 /* SearchBar.swift in Sources */,
				497E012E2531FD52006CEF67 /* BasicMeasurementMetricPickerView.swift in Sources */,
				4910AAD2254214E300BDAC0C /* PercentageFormatter.swift in Sources */,
				497E01302531FD52006CEF67 /* SettingsView.swift in Sources */,
				49B90EDC25432EB900E89F5D /* CustomButtonStyle.swift in Sources */,
				49DD25C6254EBCE200452A92 /* NotificationSettingsView.swift in Sources */,
				49F9DD792541B079003D457B /* ComparisonDetailView.swift in Sources */,
				497E012F2531FD52006CEF67 /* CountryInlineView.swift in Sources */,
				497E01392531FD52006CEF67 /* CountryViewSettingsView.swift in Sources */,
				497E01372531FD52006CEF67 /* Extensions.swift in Sources */,
				49B90EFC2543460100E89F5D /* ProvinceDetailView.swift in Sources */,
				497E01312531FD52006CEF67 /* CountryView.swift in Sources */,
				497E012D2531FD52006CEF67 /* SummaryView.swift in Sources */,
				497E01352531FD52006CEF67 /* models.swift in Sources */,
				497E01362531FD52006CEF67 /* constants.swift in Sources */,
				4914F3E82544032A00CBC521 /* SummaryProvider.swift in Sources */,
			);
			runOnlyForDeploymentPostprocessing = 0;
		};
		49B556262531F694000D2030 /* Sources */ = {
			isa = PBXSourcesBuildPhase;
			buildActionMask = 2147483647;
			files = (
				49EEFEA02532DED0008ECBDA /* Covid19Widget.swift in Sources */,
				49370B3C2542AA5F009BFE4C /* Extensions.swift in Sources */,
				49370B3B2542AA5F009BFE4C /* DataManager.swift in Sources */,
				49370B392542AA5F009BFE4C /* MovingAverage.swift in Sources */,
				49370B372542AA5F009BFE4C /* shared.swift in Sources */,
				49EEFEA22532DED0008ECBDA /* Covid19Widget.intentdefinition in Sources */,
				49370B352542AA5F009BFE4C /* constants.swift in Sources */,
				49370B362542AA5F009BFE4C /* models.swift in Sources */,
				49370B3A2542AA5F009BFE4C /* PercentageFormatter.swift in Sources */,
				4914F3E92544032A00CBC521 /* SummaryProvider.swift in Sources */,
			);
			runOnlyForDeploymentPostprocessing = 0;
		};
/* End PBXSourcesBuildPhase section */

/* Begin PBXTargetDependency section */
		493C2DFE252383620060BA27 /* PBXTargetDependency */ = {
			isa = PBXTargetDependency;
			target = 4954F5CD24E7F4D300399145 /* Covid19DashboardX (iOS) */;
			targetProxy = 493C2DFD252383620060BA27 /* PBXContainerItemProxy */;
		};
		49B5563A2531F695000D2030 /* PBXTargetDependency */ = {
			isa = PBXTargetDependency;
			target = 49B556292531F694000D2030 /* Covid19WidgetExtension */;
			targetProxy = 49B556392531F695000D2030 /* PBXContainerItemProxy */;
		};
/* End PBXTargetDependency section */

/* Begin XCBuildConfiguration section */
		493C2DFF252383620060BA27 /* Debug */ = {
			isa = XCBuildConfiguration;
			buildSettings = {
				ALWAYS_EMBED_SWIFT_STANDARD_LIBRARIES = YES;
				BUNDLE_LOADER = "$(TEST_HOST)";
				CLANG_ENABLE_MODULES = YES;
				CODE_SIGN_STYLE = Automatic;
				DEVELOPMENT_TEAM = MHQFP8C3YS;
				INFOPLIST_FILE = Covid19DashboardXTests/Info.plist;
				IPHONEOS_DEPLOYMENT_TARGET = 14.0;
				LD_RUNPATH_SEARCH_PATHS = (
					"$(inherited)",
					"@executable_path/Frameworks",
					"@loader_path/Frameworks",
				);
				PRODUCT_BUNDLE_IDENTIFIER = com.mithem.Covid19DashboardXTests;
				PRODUCT_NAME = "$(TARGET_NAME)";
				SDKROOT = iphoneos;
				SWIFT_OPTIMIZATION_LEVEL = "-Onone";
				SWIFT_VERSION = 5.0;
				TARGETED_DEVICE_FAMILY = "1,2";
				TEST_HOST = "$(BUILT_PRODUCTS_DIR)/Covid19DashboardX.app/Covid19DashboardX";
			};
			name = Debug;
		};
		493C2E00252383620060BA27 /* Release */ = {
			isa = XCBuildConfiguration;
			buildSettings = {
				ALWAYS_EMBED_SWIFT_STANDARD_LIBRARIES = YES;
				BUNDLE_LOADER = "$(TEST_HOST)";
				CLANG_ENABLE_MODULES = YES;
				CODE_SIGN_STYLE = Automatic;
				DEVELOPMENT_TEAM = MHQFP8C3YS;
				INFOPLIST_FILE = Covid19DashboardXTests/Info.plist;
				IPHONEOS_DEPLOYMENT_TARGET = 14.0;
				LD_RUNPATH_SEARCH_PATHS = (
					"$(inherited)",
					"@executable_path/Frameworks",
					"@loader_path/Frameworks",
				);
				PRODUCT_BUNDLE_IDENTIFIER = com.mithem.Covid19DashboardXTests;
				PRODUCT_NAME = "$(TARGET_NAME)";
				SDKROOT = iphoneos;
				SWIFT_VERSION = 5.0;
				TARGETED_DEVICE_FAMILY = "1,2";
				TEST_HOST = "$(BUILT_PRODUCTS_DIR)/Covid19DashboardX.app/Covid19DashboardX";
				VALIDATE_PRODUCT = YES;
			};
			name = Release;
		};
		4954F5E024E7F4D300399145 /* Debug */ = {
			isa = XCBuildConfiguration;
			buildSettings = {
				ALWAYS_SEARCH_USER_PATHS = NO;
				CLANG_ANALYZER_NONNULL = YES;
				CLANG_ANALYZER_NUMBER_OBJECT_CONVERSION = YES_AGGRESSIVE;
				CLANG_CXX_LANGUAGE_STANDARD = "gnu++14";
				CLANG_CXX_LIBRARY = "libc++";
				CLANG_ENABLE_MODULES = YES;
				CLANG_ENABLE_OBJC_ARC = YES;
				CLANG_ENABLE_OBJC_WEAK = YES;
				CLANG_WARN_BLOCK_CAPTURE_AUTORELEASING = YES;
				CLANG_WARN_BOOL_CONVERSION = YES;
				CLANG_WARN_COMMA = YES;
				CLANG_WARN_CONSTANT_CONVERSION = YES;
				CLANG_WARN_DEPRECATED_OBJC_IMPLEMENTATIONS = YES;
				CLANG_WARN_DIRECT_OBJC_ISA_USAGE = YES_ERROR;
				CLANG_WARN_DOCUMENTATION_COMMENTS = YES;
				CLANG_WARN_EMPTY_BODY = YES;
				CLANG_WARN_ENUM_CONVERSION = YES;
				CLANG_WARN_INFINITE_RECURSION = YES;
				CLANG_WARN_INT_CONVERSION = YES;
				CLANG_WARN_NON_LITERAL_NULL_CONVERSION = YES;
				CLANG_WARN_OBJC_IMPLICIT_RETAIN_SELF = YES;
				CLANG_WARN_OBJC_LITERAL_CONVERSION = YES;
				CLANG_WARN_OBJC_ROOT_CLASS = YES_ERROR;
				CLANG_WARN_QUOTED_INCLUDE_IN_FRAMEWORK_HEADER = YES;
				CLANG_WARN_RANGE_LOOP_ANALYSIS = YES;
				CLANG_WARN_STRICT_PROTOTYPES = YES;
				CLANG_WARN_SUSPICIOUS_MOVE = YES;
				CLANG_WARN_UNGUARDED_AVAILABILITY = YES_AGGRESSIVE;
				CLANG_WARN_UNREACHABLE_CODE = YES;
				CLANG_WARN__DUPLICATE_METHOD_MATCH = YES;
				COPY_PHASE_STRIP = NO;
				DEBUG_INFORMATION_FORMAT = dwarf;
				ENABLE_STRICT_OBJC_MSGSEND = YES;
				ENABLE_TESTABILITY = YES;
				GCC_C_LANGUAGE_STANDARD = gnu11;
				GCC_DYNAMIC_NO_PIC = NO;
				GCC_NO_COMMON_BLOCKS = YES;
				GCC_OPTIMIZATION_LEVEL = 0;
				GCC_PREPROCESSOR_DEFINITIONS = (
					"DEBUG=1",
					"$(inherited)",
				);
				GCC_WARN_64_TO_32_BIT_CONVERSION = YES;
				GCC_WARN_ABOUT_RETURN_TYPE = YES_ERROR;
				GCC_WARN_UNDECLARED_SELECTOR = YES;
				GCC_WARN_UNINITIALIZED_AUTOS = YES_AGGRESSIVE;
				GCC_WARN_UNUSED_FUNCTION = YES;
				GCC_WARN_UNUSED_VARIABLE = YES;
				MTL_ENABLE_DEBUG_INFO = INCLUDE_SOURCE;
				MTL_FAST_MATH = YES;
				ONLY_ACTIVE_ARCH = YES;
				SWIFT_ACTIVE_COMPILATION_CONDITIONS = DEBUG;
				SWIFT_OPTIMIZATION_LEVEL = "-Onone";
			};
			name = Debug;
		};
		4954F5E124E7F4D300399145 /* Release */ = {
			isa = XCBuildConfiguration;
			buildSettings = {
				ALWAYS_SEARCH_USER_PATHS = NO;
				CLANG_ANALYZER_NONNULL = YES;
				CLANG_ANALYZER_NUMBER_OBJECT_CONVERSION = YES_AGGRESSIVE;
				CLANG_CXX_LANGUAGE_STANDARD = "gnu++14";
				CLANG_CXX_LIBRARY = "libc++";
				CLANG_ENABLE_MODULES = YES;
				CLANG_ENABLE_OBJC_ARC = YES;
				CLANG_ENABLE_OBJC_WEAK = YES;
				CLANG_WARN_BLOCK_CAPTURE_AUTORELEASING = YES;
				CLANG_WARN_BOOL_CONVERSION = YES;
				CLANG_WARN_COMMA = YES;
				CLANG_WARN_CONSTANT_CONVERSION = YES;
				CLANG_WARN_DEPRECATED_OBJC_IMPLEMENTATIONS = YES;
				CLANG_WARN_DIRECT_OBJC_ISA_USAGE = YES_ERROR;
				CLANG_WARN_DOCUMENTATION_COMMENTS = YES;
				CLANG_WARN_EMPTY_BODY = YES;
				CLANG_WARN_ENUM_CONVERSION = YES;
				CLANG_WARN_INFINITE_RECURSION = YES;
				CLANG_WARN_INT_CONVERSION = YES;
				CLANG_WARN_NON_LITERAL_NULL_CONVERSION = YES;
				CLANG_WARN_OBJC_IMPLICIT_RETAIN_SELF = YES;
				CLANG_WARN_OBJC_LITERAL_CONVERSION = YES;
				CLANG_WARN_OBJC_ROOT_CLASS = YES_ERROR;
				CLANG_WARN_QUOTED_INCLUDE_IN_FRAMEWORK_HEADER = YES;
				CLANG_WARN_RANGE_LOOP_ANALYSIS = YES;
				CLANG_WARN_STRICT_PROTOTYPES = YES;
				CLANG_WARN_SUSPICIOUS_MOVE = YES;
				CLANG_WARN_UNGUARDED_AVAILABILITY = YES_AGGRESSIVE;
				CLANG_WARN_UNREACHABLE_CODE = YES;
				CLANG_WARN__DUPLICATE_METHOD_MATCH = YES;
				COPY_PHASE_STRIP = NO;
				DEBUG_INFORMATION_FORMAT = "dwarf-with-dsym";
				ENABLE_NS_ASSERTIONS = NO;
				ENABLE_STRICT_OBJC_MSGSEND = YES;
				GCC_C_LANGUAGE_STANDARD = gnu11;
				GCC_NO_COMMON_BLOCKS = YES;
				GCC_WARN_64_TO_32_BIT_CONVERSION = YES;
				GCC_WARN_ABOUT_RETURN_TYPE = YES_ERROR;
				GCC_WARN_UNDECLARED_SELECTOR = YES;
				GCC_WARN_UNINITIALIZED_AUTOS = YES_AGGRESSIVE;
				GCC_WARN_UNUSED_FUNCTION = YES;
				GCC_WARN_UNUSED_VARIABLE = YES;
				MTL_ENABLE_DEBUG_INFO = NO;
				MTL_FAST_MATH = YES;
				SWIFT_COMPILATION_MODE = wholemodule;
				SWIFT_OPTIMIZATION_LEVEL = "-O";
			};
			name = Release;
		};
		4954F5E324E7F4D300399145 /* Debug */ = {
			isa = XCBuildConfiguration;
			buildSettings = {
				ALWAYS_EMBED_SWIFT_STANDARD_LIBRARIES = YES;
				ASSETCATALOG_COMPILER_APPICON_NAME = AppIcon;
				ASSETCATALOG_COMPILER_GLOBAL_ACCENT_COLOR_NAME = AccentColor;
				CODE_SIGN_STYLE = Automatic;
				DEVELOPMENT_TEAM = MHQFP8C3YS;
				ENABLE_PREVIEWS = YES;
				INFOPLIST_FILE = iOS/Info.plist;
				IPHONEOS_DEPLOYMENT_TARGET = 14.0;
				LD_RUNPATH_SEARCH_PATHS = (
					"$(inherited)",
					"@executable_path/Frameworks",
				);
				PRODUCT_BUNDLE_IDENTIFIER = com.mithem.Covid19DashboardX;
				PRODUCT_NAME = Covid19DashboardX;
				SDKROOT = iphoneos;
				SWIFT_VERSION = 5.0;
				TARGETED_DEVICE_FAMILY = "1,2";
			};
			name = Debug;
		};
		4954F5E424E7F4D300399145 /* Release */ = {
			isa = XCBuildConfiguration;
			buildSettings = {
				ALWAYS_EMBED_SWIFT_STANDARD_LIBRARIES = YES;
				ASSETCATALOG_COMPILER_APPICON_NAME = AppIcon;
				ASSETCATALOG_COMPILER_GLOBAL_ACCENT_COLOR_NAME = AccentColor;
				CODE_SIGN_STYLE = Automatic;
				DEVELOPMENT_TEAM = MHQFP8C3YS;
				ENABLE_PREVIEWS = YES;
				INFOPLIST_FILE = iOS/Info.plist;
				IPHONEOS_DEPLOYMENT_TARGET = 14.0;
				LD_RUNPATH_SEARCH_PATHS = (
					"$(inherited)",
					"@executable_path/Frameworks",
				);
				PRODUCT_BUNDLE_IDENTIFIER = com.mithem.Covid19DashboardX;
				PRODUCT_NAME = Covid19DashboardX;
				SDKROOT = iphoneos;
				SWIFT_VERSION = 5.0;
				TARGETED_DEVICE_FAMILY = "1,2";
				VALIDATE_PRODUCT = YES;
			};
			name = Release;
		};
		49B5563D2531F695000D2030 /* Debug */ = {
			isa = XCBuildConfiguration;
			buildSettings = {
				ASSETCATALOG_COMPILER_GLOBAL_ACCENT_COLOR_NAME = AccentColor;
				ASSETCATALOG_COMPILER_WIDGET_BACKGROUND_COLOR_NAME = WidgetBackground;
				CODE_SIGN_STYLE = Automatic;
				DEVELOPMENT_TEAM = MHQFP8C3YS;
				INFOPLIST_FILE = Covid19Widget/Info.plist;
				IPHONEOS_DEPLOYMENT_TARGET = 14.0;
				LD_RUNPATH_SEARCH_PATHS = (
					"$(inherited)",
					"@executable_path/Frameworks",
					"@executable_path/../../Frameworks",
				);
				PRODUCT_BUNDLE_IDENTIFIER = com.mithem.Covid19DashboardX.Covid19DashboardWidget;
				PRODUCT_NAME = "$(TARGET_NAME)";
				SDKROOT = iphoneos;
				SKIP_INSTALL = YES;
				SWIFT_VERSION = 5.0;
				TARGETED_DEVICE_FAMILY = "1,2";
			};
			name = Debug;
		};
		49B5563E2531F695000D2030 /* Release */ = {
			isa = XCBuildConfiguration;
			buildSettings = {
				ASSETCATALOG_COMPILER_GLOBAL_ACCENT_COLOR_NAME = AccentColor;
				ASSETCATALOG_COMPILER_WIDGET_BACKGROUND_COLOR_NAME = WidgetBackground;
				CODE_SIGN_STYLE = Automatic;
				DEVELOPMENT_TEAM = MHQFP8C3YS;
				INFOPLIST_FILE = Covid19Widget/Info.plist;
				IPHONEOS_DEPLOYMENT_TARGET = 14.0;
				LD_RUNPATH_SEARCH_PATHS = (
					"$(inherited)",
					"@executable_path/Frameworks",
					"@executable_path/../../Frameworks",
				);
				PRODUCT_BUNDLE_IDENTIFIER = com.mithem.Covid19DashboardX.Covid19DashboardWidget;
				PRODUCT_NAME = "$(TARGET_NAME)";
				SDKROOT = iphoneos;
				SKIP_INSTALL = YES;
				SWIFT_VERSION = 5.0;
				TARGETED_DEVICE_FAMILY = "1,2";
				VALIDATE_PRODUCT = YES;
			};
			name = Release;
		};
/* End XCBuildConfiguration section */

/* Begin XCConfigurationList section */
		493C2E01252383620060BA27 /* Build configuration list for PBXNativeTarget "Covid19DashboardXTests" */ = {
			isa = XCConfigurationList;
			buildConfigurations = (
				493C2DFF252383620060BA27 /* Debug */,
				493C2E00252383620060BA27 /* Release */,
			);
			defaultConfigurationIsVisible = 0;
			defaultConfigurationName = Release;
		};
		4954F5C524E7F4D200399145 /* Build configuration list for PBXProject "Covid19DashboardX" */ = {
			isa = XCConfigurationList;
			buildConfigurations = (
				4954F5E024E7F4D300399145 /* Debug */,
				4954F5E124E7F4D300399145 /* Release */,
			);
			defaultConfigurationIsVisible = 0;
			defaultConfigurationName = Release;
		};
		4954F5E224E7F4D300399145 /* Build configuration list for PBXNativeTarget "Covid19DashboardX (iOS)" */ = {
			isa = XCConfigurationList;
			buildConfigurations = (
				4954F5E324E7F4D300399145 /* Debug */,
				4954F5E424E7F4D300399145 /* Release */,
			);
			defaultConfigurationIsVisible = 0;
			defaultConfigurationName = Release;
		};
		49B5563F2531F695000D2030 /* Build configuration list for PBXNativeTarget "Covid19WidgetExtension" */ = {
			isa = XCConfigurationList;
			buildConfigurations = (
				49B5563D2531F695000D2030 /* Debug */,
				49B5563E2531F695000D2030 /* Release */,
			);
			defaultConfigurationIsVisible = 0;
			defaultConfigurationName = Release;
		};
/* End XCConfigurationList section */

/* Begin XCRemoteSwiftPackageReference section */
		497844E22541939800364E18 /* XCRemoteSwiftPackageReference "Reachability" */ = {
			isa = XCRemoteSwiftPackageReference;
			repositoryURL = "https://github.com/ashleymills/Reachability.swift";
			requirement = {
				kind = upToNextMajorVersion;
				minimumVersion = 5.1.0;
			};
		};
		49B7D1BB2529DAD600AE2B9B /* XCRemoteSwiftPackageReference "ChartView" */ = {
			isa = XCRemoteSwiftPackageReference;
			repositoryURL = "https://github.com/AppPear/ChartView";
			requirement = {
				kind = upToNextMajorVersion;
				minimumVersion = 1.5.4;
			};
		};
/* End XCRemoteSwiftPackageReference section */

/* Begin XCSwiftPackageProductDependency section */
		497844E32541939800364E18 /* Reachability */ = {
			isa = XCSwiftPackageProductDependency;
			package = 497844E22541939800364E18 /* XCRemoteSwiftPackageReference "Reachability" */;
			productName = Reachability;
		};
		49B90EEB2543371900E89F5D /* SwiftUICharts */ = {
			isa = XCSwiftPackageProductDependency;
			package = 49B7D1BB2529DAD600AE2B9B /* XCRemoteSwiftPackageReference "ChartView" */;
			productName = SwiftUICharts;
		};
		49B90EED2543372400E89F5D /* SwiftUICharts */ = {
			isa = XCSwiftPackageProductDependency;
			package = 49B7D1BB2529DAD600AE2B9B /* XCRemoteSwiftPackageReference "ChartView" */;
			productName = SwiftUICharts;
		};
		49F352B9254464F4009ED5AE /* Reachability */ = {
			isa = XCSwiftPackageProductDependency;
			package = 497844E22541939800364E18 /* XCRemoteSwiftPackageReference "Reachability" */;
			productName = Reachability;
		};
/* End XCSwiftPackageProductDependency section */
	};
	rootObject = 4954F5C224E7F4D200399145 /* Project object */;
}
